
Microsoft Visual Studio Solution File, Format Version 12.00
# Visual Studio Version 17
VisualStudioVersion = 17.6.33815.320
MinimumVisualStudioVersion = 10.0.40219.1
Project("{FAE04EC0-301F-11D3-BF4B-00C04F79EFBC}") = "GitDemoApp", "GitDemoApp\GitDemoApp.csproj", "{7A221A43-0EA6-4E51-8F79-C700E8D8091D}"
EndProject
Global
	GlobalSection(SolutionConfigurationPlatforms) = preSolution
		Debug|Any CPU = Debug|Any CPU
		Release|Any CPU = Release|Any CPU
	EndGlobalSection
	GlobalSection(ProjectConfigurationPlatforms) = postSolution
		{7A221A43-0EA6-4E51-8F79-C700E8D8091D}.Debug|Any CPU.ActiveCfg = Debug|Any CPU
		{7A221A43-0EA6-4E51-8F79-C700E8D8091D}.Debug|Any CPU.Build.0 = Debug|Any CPU
		{7A221A43-0EA6-4E51-8F79-C700E8D8091D}.Release|Any CPU.ActiveCfg = Release|Any CPU
		{7A221A43-0EA6-4E51-8F79-C700E8D8091D}.Release|Any CPU.Build.0 = Release|Any CPU
	EndGlobalSection
	GlobalSection(SolutionProperties) = preSolution
		HideSolutionNode = FALSE
	EndGlobalSection
	GlobalSection(ExtensibilityGlobals) = postSolution
		SolutionGuid = {1305D941-84C3-46B6-92E2-6E6F9909F5EC}
	EndGlobalSection
EndGlobal
